// !$*UTF8*$!
{
	archiveVersion = 1;
	classes = {
	};
	objectVersion = 46;
	objects = {

/* Begin PBXBuildFile section */
		A21C4CDB17D7878600C6C3BB /* UIKit.framework in Frameworks */ = {isa = PBXBuildFile; fileRef = A21C4CDA17D7878600C6C3BB /* UIKit.framework */; };
		A21C4CDD17D7878600C6C3BB /* Foundation.framework in Frameworks */ = {isa = PBXBuildFile; fileRef = A21C4CDC17D7878600C6C3BB /* Foundation.framework */; };
		A21C4CDF17D7878600C6C3BB /* CoreGraphics.framework in Frameworks */ = {isa = PBXBuildFile; fileRef = A21C4CDE17D7878600C6C3BB /* CoreGraphics.framework */; };
		A21C4CE517D7878600C6C3BB /* InfoPlist.strings in Resources */ = {isa = PBXBuildFile; fileRef = A21C4CE317D7878600C6C3BB /* InfoPlist.strings */; };
		A21C4CE717D7878600C6C3BB /* main.m in Sources */ = {isa = PBXBuildFile; fileRef = A21C4CE617D7878600C6C3BB /* main.m */; };
		A21C4CEB17D7878600C6C3BB /* AppDelegate.m in Sources */ = {isa = PBXBuildFile; fileRef = A21C4CEA17D7878600C6C3BB /* AppDelegate.m */; };
		A21C4CED17D7878600C6C3BB /* Default.png in Resources */ = {isa = PBXBuildFile; fileRef = A21C4CEC17D7878600C6C3BB /* Default.png */; };
		A21C4CEF17D7878600C6C3BB /* Default@2x.png in Resources */ = {isa = PBXBuildFile; fileRef = A21C4CEE17D7878600C6C3BB /* Default@2x.png */; };
		A21C4CF117D7878600C6C3BB /* Default-568h@2x.png in Resources */ = {isa = PBXBuildFile; fileRef = A21C4CF017D7878600C6C3BB /* Default-568h@2x.png */; };
		A21C4CF417D7878600C6C3BB /* MainViewController.m in Sources */ = {isa = PBXBuildFile; fileRef = A21C4CF317D7878600C6C3BB /* MainViewController.m */; };
		A21C4CF717D7878600C6C3BB /* MainViewController.xib in Resources */ = {isa = PBXBuildFile; fileRef = A21C4CF517D7878600C6C3BB /* MainViewController.xib */; };
		C955044A185E6B180086D0D6 /* XMLViewController.m in Sources */ = {isa = PBXBuildFile; fileRef = C9550448185E6B180086D0D6 /* XMLViewController.m */; };
		C955044B185E6B180086D0D6 /* XMLViewController.xib in Resources */ = {isa = PBXBuildFile; fileRef = C9550449185E6B180086D0D6 /* XMLViewController.xib */; };
		C9550451185E6B490086D0D6 /* DetailViewController.m in Sources */ = {isa = PBXBuildFile; fileRef = C955044F185E6B490086D0D6 /* DetailViewController.m */; };
		C9550452185E6B490086D0D6 /* DetailViewController.xib in Resources */ = {isa = PBXBuildFile; fileRef = C9550450185E6B490086D0D6 /* DetailViewController.xib */; };
		C9550457185E74980086D0D6 /* CustomCell.m in Sources */ = {isa = PBXBuildFile; fileRef = C9550456185E74980086D0D6 /* CustomCell.m */; };
		C9550459185E74AB0086D0D6 /* CustomCell.xib in Resources */ = {isa = PBXBuildFile; fileRef = C9550458185E74AB0086D0D6 /* CustomCell.xib */; };
		C955045D185E7D030086D0D6 /* NewsObject.m in Sources */ = {isa = PBXBuildFile; fileRef = C955045C185E7D030086D0D6 /* NewsObject.m */; };
		C9CDE26D186222670067165D /* LoadingViewController.m in Sources */ = {isa = PBXBuildFile; fileRef = C9CDE26B186222670067165D /* LoadingViewController.m */; };
		C9CDE26E186222670067165D /* LoadingViewController.xib in Resources */ = {isa = PBXBuildFile; fileRef = C9CDE26C186222670067165D /* LoadingViewController.xib */; };
		C9CDE271186223720067165D /* usaToday_logo.png in Resources */ = {isa = PBXBuildFile; fileRef = C9CDE270186223720067165D /* usaToday_logo.png */; };
		C9CDE273186225990067165D /* newsIcon.png in Resources */ = {isa = PBXBuildFile; fileRef = C9CDE272186225990067165D /* newsIcon.png */; };
		C9CDE275186226160067165D /* xmlIcon.png in Resources */ = {isa = PBXBuildFile; fileRef = C9CDE274186226160067165D /* xmlIcon.png */; };
		C9CDE27A1862CBFB0067165D /* appIcon_57x57.png in Resources */ = {isa = PBXBuildFile; fileRef = C9CDE2771862CBFB0067165D /* appIcon_57x57.png */; };
		C9CDE27B1862CBFB0067165D /* appIcon_114x114.png in Resources */ = {isa = PBXBuildFile; fileRef = C9CDE2781862CBFB0067165D /* appIcon_114x114.png */; };
		C9CDE27C1862CBFB0067165D /* appIcon_120x120.png in Resources */ = {isa = PBXBuildFile; fileRef = C9CDE2791862CBFB0067165D /* appIcon_120x120.png */; };
		C9CDE2801862CE280067165D /* launch_320x480.png in Resources */ = {isa = PBXBuildFile; fileRef = C9CDE27D1862CE280067165D /* launch_320x480.png */; };
		C9CDE2811862CE280067165D /* launch_640x960.png in Resources */ = {isa = PBXBuildFile; fileRef = C9CDE27E1862CE280067165D /* launch_640x960.png */; };
		C9CDE2821862CE280067165D /* launch_640x1136.png in Resources */ = {isa = PBXBuildFile; fileRef = C9CDE27F1862CE280067165D /* launch_640x1136.png */; };
/* End PBXBuildFile section */

/* Begin PBXFileReference section */
		A21C4CD717D7878600C6C3BB /* baseProject.app */ = {isa = PBXFileReference; explicitFileType = wrapper.application; includeInIndex = 0; path = baseProject.app; sourceTree = BUILT_PRODUCTS_DIR; };
		A21C4CDA17D7878600C6C3BB /* UIKit.framework */ = {isa = PBXFileReference; lastKnownFileType = wrapper.framework; name = UIKit.framework; path = System/Library/Frameworks/UIKit.framework; sourceTree = SDKROOT; };
		A21C4CDC17D7878600C6C3BB /* Foundation.framework */ = {isa = PBXFileReference; lastKnownFileType = wrapper.framework; name = Foundation.framework; path = System/Library/Frameworks/Foundation.framework; sourceTree = SDKROOT; };
		A21C4CDE17D7878600C6C3BB /* CoreGraphics.framework */ = {isa = PBXFileReference; lastKnownFileType = wrapper.framework; name = CoreGraphics.framework; path = System/Library/Frameworks/CoreGraphics.framework; sourceTree = SDKROOT; };
		A21C4CE217D7878600C6C3BB /* baseProject-Info.plist */ = {isa = PBXFileReference; lastKnownFileType = text.plist.xml; path = "baseProject-Info.plist"; sourceTree = "<group>"; };
		A21C4CE417D7878600C6C3BB /* en */ = {isa = PBXFileReference; lastKnownFileType = text.plist.strings; name = en; path = en.lproj/InfoPlist.strings; sourceTree = "<group>"; };
		A21C4CE617D7878600C6C3BB /* main.m */ = {isa = PBXFileReference; lastKnownFileType = sourcecode.c.objc; path = main.m; sourceTree = "<group>"; };
		A21C4CE817D7878600C6C3BB /* baseProject-Prefix.pch */ = {isa = PBXFileReference; lastKnownFileType = sourcecode.c.h; path = "baseProject-Prefix.pch"; sourceTree = "<group>"; };
		A21C4CE917D7878600C6C3BB /* AppDelegate.h */ = {isa = PBXFileReference; lastKnownFileType = sourcecode.c.h; path = AppDelegate.h; sourceTree = "<group>"; };
		A21C4CEA17D7878600C6C3BB /* AppDelegate.m */ = {isa = PBXFileReference; lastKnownFileType = sourcecode.c.objc; path = AppDelegate.m; sourceTree = "<group>"; };
		A21C4CEC17D7878600C6C3BB /* Default.png */ = {isa = PBXFileReference; lastKnownFileType = image.png; path = Default.png; sourceTree = "<group>"; };
		A21C4CEE17D7878600C6C3BB /* Default@2x.png */ = {isa = PBXFileReference; lastKnownFileType = image.png; path = "Default@2x.png"; sourceTree = "<group>"; };
		A21C4CF017D7878600C6C3BB /* Default-568h@2x.png */ = {isa = PBXFileReference; lastKnownFileType = image.png; path = "Default-568h@2x.png"; sourceTree = "<group>"; };
		A21C4CF217D7878600C6C3BB /* MainViewController.h */ = {isa = PBXFileReference; lastKnownFileType = sourcecode.c.h; path = MainViewController.h; sourceTree = "<group>"; };
		A21C4CF317D7878600C6C3BB /* MainViewController.m */ = {isa = PBXFileReference; lastKnownFileType = sourcecode.c.objc; path = MainViewController.m; sourceTree = "<group>"; };
		A21C4CF617D7878600C6C3BB /* en */ = {isa = PBXFileReference; lastKnownFileType = file.xib; name = en; path = en.lproj/MainViewController.xib; sourceTree = "<group>"; };
		C9550447185E6B180086D0D6 /* XMLViewController.h */ = {isa = PBXFileReference; fileEncoding = 4; lastKnownFileType = sourcecode.c.h; path = XMLViewController.h; sourceTree = "<group>"; };
		C9550448185E6B180086D0D6 /* XMLViewController.m */ = {isa = PBXFileReference; fileEncoding = 4; lastKnownFileType = sourcecode.c.objc; path = XMLViewController.m; sourceTree = "<group>"; };
		C9550449185E6B180086D0D6 /* XMLViewController.xib */ = {isa = PBXFileReference; fileEncoding = 4; lastKnownFileType = file.xib; path = XMLViewController.xib; sourceTree = "<group>"; };
		C955044E185E6B490086D0D6 /* DetailViewController.h */ = {isa = PBXFileReference; fileEncoding = 4; lastKnownFileType = sourcecode.c.h; path = DetailViewController.h; sourceTree = "<group>"; };
		C955044F185E6B490086D0D6 /* DetailViewController.m */ = {isa = PBXFileReference; fileEncoding = 4; lastKnownFileType = sourcecode.c.objc; path = DetailViewController.m; sourceTree = "<group>"; };
		C9550450185E6B490086D0D6 /* DetailViewController.xib */ = {isa = PBXFileReference; fileEncoding = 4; lastKnownFileType = file.xib; path = DetailViewController.xib; sourceTree = "<group>"; };
		C9550455185E74980086D0D6 /* CustomCell.h */ = {isa = PBXFileReference; fileEncoding = 4; lastKnownFileType = sourcecode.c.h; path = CustomCell.h; sourceTree = "<group>"; };
		C9550456185E74980086D0D6 /* CustomCell.m */ = {isa = PBXFileReference; fileEncoding = 4; lastKnownFileType = sourcecode.c.objc; path = CustomCell.m; sourceTree = "<group>"; };
		C9550458185E74AB0086D0D6 /* CustomCell.xib */ = {isa = PBXFileReference; fileEncoding = 4; lastKnownFileType = file.xib; path = CustomCell.xib; sourceTree = "<group>"; };
		C955045B185E7D030086D0D6 /* NewsObject.h */ = {isa = PBXFileReference; fileEncoding = 4; lastKnownFileType = sourcecode.c.h; path = NewsObject.h; sourceTree = "<group>"; };
		C955045C185E7D030086D0D6 /* NewsObject.m */ = {isa = PBXFileReference; fileEncoding = 4; lastKnownFileType = sourcecode.c.objc; path = NewsObject.m; sourceTree = "<group>"; };
		C9CDE26A186222670067165D /* LoadingViewController.h */ = {isa = PBXFileReference; fileEncoding = 4; lastKnownFileType = sourcecode.c.h; path = LoadingViewController.h; sourceTree = "<group>"; };
		C9CDE26B186222670067165D /* LoadingViewController.m */ = {isa = PBXFileReference; fileEncoding = 4; lastKnownFileType = sourcecode.c.objc; path = LoadingViewController.m; sourceTree = "<group>"; };
		C9CDE26C186222670067165D /* LoadingViewController.xib */ = {isa = PBXFileReference; fileEncoding = 4; lastKnownFileType = file.xib; path = LoadingViewController.xib; sourceTree = "<group>"; };
		C9CDE270186223720067165D /* usaToday_logo.png */ = {isa = PBXFileReference; lastKnownFileType = image.png; path = usaToday_logo.png; sourceTree = "<group>"; };
		C9CDE272186225990067165D /* newsIcon.png */ = {isa = PBXFileReference; lastKnownFileType = image.png; path = newsIcon.png; sourceTree = "<group>"; };
		C9CDE274186226160067165D /* xmlIcon.png */ = {isa = PBXFileReference; lastKnownFileType = image.png; path = xmlIcon.png; sourceTree = "<group>"; };
		C9CDE2771862CBFB0067165D /* appIcon_57x57.png */ = {isa = PBXFileReference; lastKnownFileType = image.png; path = appIcon_57x57.png; sourceTree = "<group>"; };
		C9CDE2781862CBFB0067165D /* appIcon_114x114.png */ = {isa = PBXFileReference; lastKnownFileType = image.png; path = appIcon_114x114.png; sourceTree = "<group>"; };
		C9CDE2791862CBFB0067165D /* appIcon_120x120.png */ = {isa = PBXFileReference; lastKnownFileType = image.png; path = appIcon_120x120.png; sourceTree = "<group>"; };
		C9CDE27D1862CE280067165D /* launch_320x480.png */ = {isa = PBXFileReference; lastKnownFileType = image.png; path = launch_320x480.png; sourceTree = "<group>"; };
		C9CDE27E1862CE280067165D /* launch_640x960.png */ = {isa = PBXFileReference; lastKnownFileType = image.png; path = launch_640x960.png; sourceTree = "<group>"; };
		C9CDE27F1862CE280067165D /* launch_640x1136.png */ = {isa = PBXFileReference; lastKnownFileType = image.png; path = launch_640x1136.png; sourceTree = "<group>"; };
/* End PBXFileReference section */

/* Begin PBXFrameworksBuildPhase section */
		A21C4CD417D7878600C6C3BB /* Frameworks */ = {
			isa = PBXFrameworksBuildPhase;
			buildActionMask = 2147483647;
			files = (
				A21C4CDB17D7878600C6C3BB /* UIKit.framework in Frameworks */,
				A21C4CDD17D7878600C6C3BB /* Foundation.framework in Frameworks */,
				A21C4CDF17D7878600C6C3BB /* CoreGraphics.framework in Frameworks */,
			);
			runOnlyForDeploymentPostprocessing = 0;
		};
/* End PBXFrameworksBuildPhase section */

/* Begin PBXGroup section */
		A21C4CCE17D7878600C6C3BB = {
			isa = PBXGroup;
			children = (
				A21C4CE017D7878600C6C3BB /* baseProject */,
				A21C4CD917D7878600C6C3BB /* Frameworks */,
				A21C4CD817D7878600C6C3BB /* Products */,
			);
			sourceTree = "<group>";
		};
		A21C4CD817D7878600C6C3BB /* Products */ = {
			isa = PBXGroup;
			children = (
				A21C4CD717D7878600C6C3BB /* baseProject.app */,
			);
			name = Products;
			sourceTree = "<group>";
		};
		A21C4CD917D7878600C6C3BB /* Frameworks */ = {
			isa = PBXGroup;
			children = (
				A21C4CDA17D7878600C6C3BB /* UIKit.framework */,
				A21C4CDC17D7878600C6C3BB /* Foundation.framework */,
				A21C4CDE17D7878600C6C3BB /* CoreGraphics.framework */,
			);
			name = Frameworks;
			sourceTree = "<group>";
		};
		A21C4CE017D7878600C6C3BB /* baseProject */ = {
			isa = PBXGroup;
			children = (
				C9CDE276186226550067165D /* icons */,
				C9CDE26F1862226C0067165D /* LoadingViewController */,
				C955045A185E7CE70086D0D6 /* CustomObject */,
				C9550454185E747F0086D0D6 /* CustomCell Files */,
				C9550453185E6DF80086D0D6 /* MainViewController Files */,
				C955044D185E6B360086D0D6 /* DetailViewController Files */,
				C955044C185E6B200086D0D6 /* XMLViewController Files */,
				A21C4CE917D7878600C6C3BB /* AppDelegate.h */,
				A21C4CEA17D7878600C6C3BB /* AppDelegate.m */,
				A21C4CE117D7878600C6C3BB /* Supporting Files */,
			);
			path = baseProject;
			sourceTree = "<group>";
		};
		A21C4CE117D7878600C6C3BB /* Supporting Files */ = {
			isa = PBXGroup;
			children = (
				A21C4CE217D7878600C6C3BB /* baseProject-Info.plist */,
				A21C4CE317D7878600C6C3BB /* InfoPlist.strings */,
				A21C4CE617D7878600C6C3BB /* main.m */,
				A21C4CE817D7878600C6C3BB /* baseProject-Prefix.pch */,
				A21C4CEC17D7878600C6C3BB /* Default.png */,
				A21C4CEE17D7878600C6C3BB /* Default@2x.png */,
				A21C4CF017D7878600C6C3BB /* Default-568h@2x.png */,
			);
			name = "Supporting Files";
			sourceTree = "<group>";
		};
		C955044C185E6B200086D0D6 /* XMLViewController Files */ = {
			isa = PBXGroup;
			children = (
				C9550447185E6B180086D0D6 /* XMLViewController.h */,
				C9550448185E6B180086D0D6 /* XMLViewController.m */,
				C9550449185E6B180086D0D6 /* XMLViewController.xib */,
			);
			name = "XMLViewController Files";
			sourceTree = "<group>";
		};
		C955044D185E6B360086D0D6 /* DetailViewController Files */ = {
			isa = PBXGroup;
			children = (
				C955044E185E6B490086D0D6 /* DetailViewController.h */,
				C955044F185E6B490086D0D6 /* DetailViewController.m */,
				C9550450185E6B490086D0D6 /* DetailViewController.xib */,
			);
			name = "DetailViewController Files";
			sourceTree = "<group>";
		};
		C9550453185E6DF80086D0D6 /* MainViewController Files */ = {
			isa = PBXGroup;
			children = (
				A21C4CF217D7878600C6C3BB /* MainViewController.h */,
				A21C4CF317D7878600C6C3BB /* MainViewController.m */,
				A21C4CF517D7878600C6C3BB /* MainViewController.xib */,
			);
			name = "MainViewController Files";
			sourceTree = "<group>";
		};
		C9550454185E747F0086D0D6 /* CustomCell Files */ = {
			isa = PBXGroup;
			children = (
				C9550455185E74980086D0D6 /* CustomCell.h */,
				C9550456185E74980086D0D6 /* CustomCell.m */,
				C9550458185E74AB0086D0D6 /* CustomCell.xib */,
			);
			name = "CustomCell Files";
			sourceTree = "<group>";
		};
		C955045A185E7CE70086D0D6 /* CustomObject */ = {
			isa = PBXGroup;
			children = (
				C955045B185E7D030086D0D6 /* NewsObject.h */,
				C955045C185E7D030086D0D6 /* NewsObject.m */,
			);
			name = CustomObject;
			sourceTree = "<group>";
		};
		C9CDE26F1862226C0067165D /* LoadingViewController */ = {
			isa = PBXGroup;
			children = (
				C9CDE26A186222670067165D /* LoadingViewController.h */,
				C9CDE26B186222670067165D /* LoadingViewController.m */,
				C9CDE26C186222670067165D /* LoadingViewController.xib */,
			);
			name = LoadingViewController;
			sourceTree = "<group>";
		};
		C9CDE276186226550067165D /* icons */ = {
			isa = PBXGroup;
			children = (
				C9CDE27D1862CE280067165D /* launch_320x480.png */,
				C9CDE27E1862CE280067165D /* launch_640x960.png */,
				C9CDE27F1862CE280067165D /* launch_640x1136.png */,
				C9CDE2771862CBFB0067165D /* appIcon_57x57.png */,
				C9CDE2781862CBFB0067165D /* appIcon_114x114.png */,
				C9CDE2791862CBFB0067165D /* appIcon_120x120.png */,
				C9CDE274186226160067165D /* xmlIcon.png */,
				C9CDE272186225990067165D /* newsIcon.png */,
				C9CDE270186223720067165D /* usaToday_logo.png */,
			);
			name = icons;
			sourceTree = "<group>";
		};
/* End PBXGroup section */

/* Begin PBXNativeTarget section */
		A21C4CD617D7878600C6C3BB /* baseProject */ = {
			isa = PBXNativeTarget;
			buildConfigurationList = A21C4CFA17D7878600C6C3BB /* Build configuration list for PBXNativeTarget "baseProject" */;
			buildPhases = (
				A21C4CD317D7878600C6C3BB /* Sources */,
				A21C4CD417D7878600C6C3BB /* Frameworks */,
				A21C4CD517D7878600C6C3BB /* Resources */,
			);
			buildRules = (
			);
			dependencies = (
			);
			name = baseProject;
			productName = baseProject;
			productReference = A21C4CD717D7878600C6C3BB /* baseProject.app */;
			productType = "com.apple.product-type.application";
		};
/* End PBXNativeTarget section */

/* Begin PBXProject section */
		A21C4CCF17D7878600C6C3BB /* Project object */ = {
			isa = PBXProject;
			attributes = {
				LastUpgradeCheck = 0460;
				ORGANIZATIONNAME = FullSail;
			};
			buildConfigurationList = A21C4CD217D7878600C6C3BB /* Build configuration list for PBXProject "baseProject" */;
			compatibilityVersion = "Xcode 3.2";
			developmentRegion = English;
			hasScannedForEncodings = 0;
			knownRegions = (
				en,
			);
			mainGroup = A21C4CCE17D7878600C6C3BB;
			productRefGroup = A21C4CD817D7878600C6C3BB /* Products */;
			projectDirPath = "";
			projectRoot = "";
			targets = (
				A21C4CD617D7878600C6C3BB /* baseProject */,
			);
		};
/* End PBXProject section */

/* Begin PBXResourcesBuildPhase section */
		A21C4CD517D7878600C6C3BB /* Resources */ = {
			isa = PBXResourcesBuildPhase;
			buildActionMask = 2147483647;
			files = (
				C9CDE26E186222670067165D /* LoadingViewController.xib in Resources */,
				C9CDE27B1862CBFB0067165D /* appIcon_114x114.png in Resources */,
				A21C4CE517D7878600C6C3BB /* InfoPlist.strings in Resources */,
				C9CDE273186225990067165D /* newsIcon.png in Resources */,
				A21C4CED17D7878600C6C3BB /* Default.png in Resources */,
				C9CDE275186226160067165D /* xmlIcon.png in Resources */,
				C9550459185E74AB0086D0D6 /* CustomCell.xib in Resources */,
				C9CDE27C1862CBFB0067165D /* appIcon_120x120.png in Resources */,
				C9CDE2801862CE280067165D /* launch_320x480.png in Resources */,
				C9550452185E6B490086D0D6 /* DetailViewController.xib in Resources */,
				C9CDE2811862CE280067165D /* launch_640x960.png in Resources */,
				C9CDE27A1862CBFB0067165D /* appIcon_57x57.png in Resources */,
				A21C4CEF17D7878600C6C3BB /* Default@2x.png in Resources */,
				C9CDE271186223720067165D /* usaToday_logo.png in Resources */,
				A21C4CF117D7878600C6C3BB /* Default-568h@2x.png in Resources */,
				C955044B185E6B180086D0D6 /* XMLViewController.xib in Resources */,
				A21C4CF717D7878600C6C3BB /* MainViewController.xib in Resources */,
				C9CDE2821862CE280067165D /* launch_640x1136.png in Resources */,
			);
			runOnlyForDeploymentPostprocessing = 0;
		};
/* End PBXResourcesBuildPhase section */

/* Begin PBXSourcesBuildPhase section */
		A21C4CD317D7878600C6C3BB /* Sources */ = {
			isa = PBXSourcesBuildPhase;
			buildActionMask = 2147483647;
			files = (
				C955045D185E7D030086D0D6 /* NewsObject.m in Sources */,
				C9550451185E6B490086D0D6 /* DetailViewController.m in Sources */,
				A21C4CE717D7878600C6C3BB /* main.m in Sources */,
				C9550457185E74980086D0D6 /* CustomCell.m in Sources */,
				A21C4CEB17D7878600C6C3BB /* AppDelegate.m in Sources */,
				C955044A185E6B180086D0D6 /* XMLViewController.m in Sources */,
				A21C4CF417D7878600C6C3BB /* MainViewController.m in Sources */,
				C9CDE26D186222670067165D /* LoadingViewController.m in Sources */,
			);
			runOnlyForDeploymentPostprocessing = 0;
		};
/* End PBXSourcesBuildPhase section */

/* Begin PBXVariantGroup section */
		A21C4CE317D7878600C6C3BB /* InfoPlist.strings */ = {
			isa = PBXVariantGroup;
			children = (
				A21C4CE417D7878600C6C3BB /* en */,
			);
			name = InfoPlist.strings;
			sourceTree = "<group>";
		};
		A21C4CF517D7878600C6C3BB /* MainViewController.xib */ = {
			isa = PBXVariantGroup;
			children = (
				A21C4CF617D7878600C6C3BB /* en */,
			);
			name = MainViewController.xib;
			sourceTree = "<group>";
		};
/* End PBXVariantGroup section */

/* Begin XCBuildConfiguration section */
		A21C4CF817D7878600C6C3BB /* Debug */ = {
			isa = XCBuildConfiguration;
			buildSettings = {
				ALWAYS_SEARCH_USER_PATHS = NO;
				CLANG_CXX_LANGUAGE_STANDARD = "gnu++0x";
				CLANG_CXX_LIBRARY = "libc++";
				CLANG_ENABLE_OBJC_ARC = YES;
				CLANG_WARN_CONSTANT_CONVERSION = YES;
				CLANG_WARN_EMPTY_BODY = YES;
				CLANG_WARN_ENUM_CONVERSION = YES;
				CLANG_WARN_INT_CONVERSION = YES;
				CLANG_WARN__DUPLICATE_METHOD_MATCH = YES;
				"CODE_SIGN_IDENTITY[sdk=iphoneos*]" = "iPhone Developer";
				COPY_PHASE_STRIP = NO;
				GCC_C_LANGUAGE_STANDARD = gnu99;
				GCC_DYNAMIC_NO_PIC = NO;
				GCC_OPTIMIZATION_LEVEL = 0;
				GCC_PREPROCESSOR_DEFINITIONS = (
					"DEBUG=1",
					"$(inherited)",
				);
				GCC_SYMBOLS_PRIVATE_EXTERN = NO;
				GCC_WARN_ABOUT_RETURN_TYPE = YES;
				GCC_WARN_UNINITIALIZED_AUTOS = YES;
				GCC_WARN_UNUSED_VARIABLE = YES;
				IPHONEOS_DEPLOYMENT_TARGET = 6.1;
				ONLY_ACTIVE_ARCH = YES;
				SDKROOT = iphoneos;
			};
			name = Debug;
		};
		A21C4CF917D7878600C6C3BB /* Release */ = {
			isa = XCBuildConfiguration;
			buildSettings = {
				ALWAYS_SEARCH_USER_PATHS = NO;
				CLANG_CXX_LANGUAGE_STANDARD = "gnu++0x";
				CLANG_CXX_LIBRARY = "libc++";
				CLANG_ENABLE_OBJC_ARC = YES;
				CLANG_WARN_CONSTANT_CONVERSION = YES;
				CLANG_WARN_EMPTY_BODY = YES;
				CLANG_WARN_ENUM_CONVERSION = YES;
				CLANG_WARN_INT_CONVERSION = YES;
				CLANG_WARN__DUPLICATE_METHOD_MATCH = YES;
				"CODE_SIGN_IDENTITY[sdk=iphoneos*]" = "iPhone Developer";
				COPY_PHASE_STRIP = YES;
				GCC_C_LANGUAGE_STANDARD = gnu99;
				GCC_WARN_ABOUT_RETURN_TYPE = YES;
				GCC_WARN_UNINITIALIZED_AUTOS = YES;
				GCC_WARN_UNUSED_VARIABLE = YES;
				IPHONEOS_DEPLOYMENT_TARGET = 6.1;
				OTHER_CFLAGS = "-DNS_BLOCK_ASSERTIONS=1";
				SDKROOT = iphoneos;
				VALIDATE_PRODUCT = YES;
			};
			name = Release;
		};
		A21C4CFB17D7878600C6C3BB /* Debug */ = {
			isa = XCBuildConfiguration;
			buildSettings = {
				GCC_PRECOMPILE_PREFIX_HEADER = YES;
				GCC_PREFIX_HEADER = "baseProject/baseProject-Prefix.pch";
				GCC_WARN_ABOUT_DEPRECATED_FUNCTIONS = NO;
				INFOPLIST_FILE = "baseProject/baseProject-Info.plist";
				PRODUCT_NAME = "$(TARGET_NAME)";
				WRAPPER_EXTENSION = app;
			};
			name = Debug;
		};
		A21C4CFC17D7878600C6C3BB /* Release */ = {
			isa = XCBuildConfiguration;
			buildSettings = {
				GCC_PRECOMPILE_PREFIX_HEADER = YES;
				GCC_PREFIX_HEADER = "baseProject/baseProject-Prefix.pch";
				GCC_WARN_ABOUT_DEPRECATED_FUNCTIONS = NO;
				INFOPLIST_FILE = "baseProject/baseProject-Info.plist";
				PRODUCT_NAME = "$(TARGET_NAME)";
				WRAPPER_EXTENSION = app;
			};
			name = Release;
		};
/* End XCBuildConfiguration section */

/* Begin XCConfigurationList section */
		A21C4CD217D7878600C6C3BB /* Build configuration list for PBXProject "baseProject" */ = {
			isa = XCConfigurationList;
			buildConfigurations = (
				A21C4CF817D7878600C6C3BB /* Debug */,
				A21C4CF917D7878600C6C3BB /* Release */,
			);
			defaultConfigurationIsVisible = 0;
			defaultConfigurationName = Release;
		};
		A21C4CFA17D7878600C6C3BB /* Build configuration list for PBXNativeTarget "baseProject" */ = {
			isa = XCConfigurationList;
			buildConfigurations = (
				A21C4CFB17D7878600C6C3BB /* Debug */,
				A21C4CFC17D7878600C6C3BB /* Release */,
			);
			defaultConfigurationIsVisible = 0;
			defaultConfigurationName = Release;
		};
/* End XCConfigurationList section */
	};
	rootObject = A21C4CCF17D7878600C6C3BB /* Project object */;
}
