// !$*UTF8*$!
{
	archiveVersion = 1;
	classes = {
	};
	objectVersion = 46;
	objects = {

/* Begin PBXBuildFile section */
		A21C4CDB17D7878600C6C3BB /* UIKit.framework in Frameworks */ = {isa = PBXBuildFile; fileRef = A21C4CDA17D7878600C6C3BB /* UIKit.framework */; };
		A21C4CDD17D7878600C6C3BB /* Foundation.framework in Frameworks */ = {isa = PBXBuildFile; fileRef = A21C4CDC17D7878600C6C3BB /* Foundation.framework */; };
		A21C4CDF17D7878600C6C3BB /* CoreGraphics.framework in Frameworks */ = {isa = PBXBuildFile; fileRef = A21C4CDE17D7878600C6C3BB /* CoreGraphics.framework */; };
		A21C4CE517D7878600C6C3BB /* InfoPlist.strings in Resources */ = {isa = PBXBuildFile; fileRef = A21C4CE317D7878600C6C3BB /* InfoPlist.strings */; };
		A21C4CE717D7878600C6C3BB /* main.m in Sources */ = {isa = PBXBuildFile; fileRef = A21C4CE617D7878600C6C3BB /* main.m */; };
		A21C4CEB17D7878600C6C3BB /* AppDelegate.m in Sources */ = {isa = PBXBuildFile; fileRef = A21C4CEA17D7878600C6C3BB /* AppDelegate.m */; };
		A21C4CED17D7878600C6C3BB /* Default.png in Resources */ = {isa = PBXBuildFile; fileRef = A21C4CEC17D7878600C6C3BB /* Default.png */; };
		A21C4CEF17D7878600C6C3BB /* Default@2x.png in Resources */ = {isa = PBXBuildFile; fileRef = A21C4CEE17D7878600C6C3BB /* Default@2x.png */; };
		A21C4CF117D7878600C6C3BB /* Default-568h@2x.png in Resources */ = {isa = PBXBuildFile; fileRef = A21C4CF017D7878600C6C3BB /* Default-568h@2x.png */; };
		A21C4CF417D7878600C6C3BB /* ViewController.m in Sources */ = {isa = PBXBuildFile; fileRef = A21C4CF317D7878600C6C3BB /* ViewController.m */; };
		A21C4CF717D7878600C6C3BB /* ViewController.xib in Resources */ = {isa = PBXBuildFile; fileRef = A21C4CF517D7878600C6C3BB /* ViewController.xib */; };
		C96370431845424A00975F7D /* Carbon_bg.jpg in Resources */ = {isa = PBXBuildFile; fileRef = C96370421845424A00975F7D /* Carbon_bg.jpg */; };
		C96370451845433400975F7D /* CustomCell.xib in Resources */ = {isa = PBXBuildFile; fileRef = C96370441845433400975F7D /* CustomCell.xib */; };
		C9637048184544B500975F7D /* CustomCell.m in Sources */ = {isa = PBXBuildFile; fileRef = C9637047184544B500975F7D /* CustomCell.m */; };
		C963705D1845531900975F7D /* audi.jpg in Resources */ = {isa = PBXBuildFile; fileRef = C96370491845531900975F7D /* audi.jpg */; };
		C963705E1845531900975F7D /* bmw.jpg in Resources */ = {isa = PBXBuildFile; fileRef = C963704A1845531900975F7D /* bmw.jpg */; };
		C963705F1845531900975F7D /* cadillac.jpg in Resources */ = {isa = PBXBuildFile; fileRef = C963704B1845531900975F7D /* cadillac.jpg */; };
		C96370601845531900975F7D /* chevrolet.jpg in Resources */ = {isa = PBXBuildFile; fileRef = C963704C1845531900975F7D /* chevrolet.jpg */; };
		C96370611845531900975F7D /* chrysler.jpg in Resources */ = {isa = PBXBuildFile; fileRef = C963704D1845531900975F7D /* chrysler.jpg */; };
		C96370621845531900975F7D /* dodge.jpg in Resources */ = {isa = PBXBuildFile; fileRef = C963704E1845531900975F7D /* dodge.jpg */; };
		C96370631845531900975F7D /* ford.jpg in Resources */ = {isa = PBXBuildFile; fileRef = C963704F1845531900975F7D /* ford.jpg */; };
		C96370641845531900975F7D /* honda.jpg in Resources */ = {isa = PBXBuildFile; fileRef = C96370501845531900975F7D /* honda.jpg */; };
		C96370651845531900975F7D /* hyundai.jpg in Resources */ = {isa = PBXBuildFile; fileRef = C96370511845531900975F7D /* hyundai.jpg */; };
		C96370661845531900975F7D /* infiniti.jpg in Resources */ = {isa = PBXBuildFile; fileRef = C96370521845531900975F7D /* infiniti.jpg */; };
		C96370671845531900975F7D /* kia.jpg in Resources */ = {isa = PBXBuildFile; fileRef = C96370531845531900975F7D /* kia.jpg */; };
		C96370681845531900975F7D /* lexus.jpg in Resources */ = {isa = PBXBuildFile; fileRef = C96370541845531900975F7D /* lexus.jpg */; };
		C96370691845531900975F7D /* mazda.jpg in Resources */ = {isa = PBXBuildFile; fileRef = C96370551845531900975F7D /* mazda.jpg */; };
		C963706A1845531900975F7D /* mitsubishi.jpg in Resources */ = {isa = PBXBuildFile; fileRef = C96370561845531900975F7D /* mitsubishi.jpg */; };
		C963706B1845531900975F7D /* nissan.jpg in Resources */ = {isa = PBXBuildFile; fileRef = C96370571845531900975F7D /* nissan.jpg */; };
		C963706C1845531900975F7D /* porsche.jpg in Resources */ = {isa = PBXBuildFile; fileRef = C96370581845531900975F7D /* porsche.jpg */; };
		C963706D1845531900975F7D /* subaru.jpg in Resources */ = {isa = PBXBuildFile; fileRef = C96370591845531900975F7D /* subaru.jpg */; };
		C963706E1845531900975F7D /* toyota.jpg in Resources */ = {isa = PBXBuildFile; fileRef = C963705A1845531900975F7D /* toyota.jpg */; };
		C963706F1845531900975F7D /* volvo.jpg in Resources */ = {isa = PBXBuildFile; fileRef = C963705B1845531900975F7D /* volvo.jpg */; };
		C96370701845531900975F7D /* vw.jpg in Resources */ = {isa = PBXBuildFile; fileRef = C963705C1845531900975F7D /* vw.jpg */; };
		C963707518459D5B00975F7D /* transparent.png in Resources */ = {isa = PBXBuildFile; fileRef = C963707418459D5B00975F7D /* transparent.png */; };
		C96370771845A80D00975F7D /* selected.png in Resources */ = {isa = PBXBuildFile; fileRef = C96370761845A80D00975F7D /* selected.png */; };
		C963707B1845BB9000975F7D /* DetailViewController.m in Sources */ = {isa = PBXBuildFile; fileRef = C96370791845BB9000975F7D /* DetailViewController.m */; };
		C963707C1845BB9000975F7D /* DetailViewController.xib in Resources */ = {isa = PBXBuildFile; fileRef = C963707A1845BB9000975F7D /* DetailViewController.xib */; };
/* End PBXBuildFile section */

/* Begin PBXFileReference section */
		A21C4CD717D7878600C6C3BB /* baseProject.app */ = {isa = PBXFileReference; explicitFileType = wrapper.application; includeInIndex = 0; path = baseProject.app; sourceTree = BUILT_PRODUCTS_DIR; };
		A21C4CDA17D7878600C6C3BB /* UIKit.framework */ = {isa = PBXFileReference; lastKnownFileType = wrapper.framework; name = UIKit.framework; path = System/Library/Frameworks/UIKit.framework; sourceTree = SDKROOT; };
		A21C4CDC17D7878600C6C3BB /* Foundation.framework */ = {isa = PBXFileReference; lastKnownFileType = wrapper.framework; name = Foundation.framework; path = System/Library/Frameworks/Foundation.framework; sourceTree = SDKROOT; };
		A21C4CDE17D7878600C6C3BB /* CoreGraphics.framework */ = {isa = PBXFileReference; lastKnownFileType = wrapper.framework; name = CoreGraphics.framework; path = System/Library/Frameworks/CoreGraphics.framework; sourceTree = SDKROOT; };
		A21C4CE217D7878600C6C3BB /* baseProject-Info.plist */ = {isa = PBXFileReference; lastKnownFileType = text.plist.xml; path = "baseProject-Info.plist"; sourceTree = "<group>"; };
		A21C4CE417D7878600C6C3BB /* en */ = {isa = PBXFileReference; lastKnownFileType = text.plist.strings; name = en; path = en.lproj/InfoPlist.strings; sourceTree = "<group>"; };
		A21C4CE617D7878600C6C3BB /* main.m */ = {isa = PBXFileReference; lastKnownFileType = sourcecode.c.objc; path = main.m; sourceTree = "<group>"; };
		A21C4CE817D7878600C6C3BB /* baseProject-Prefix.pch */ = {isa = PBXFileReference; lastKnownFileType = sourcecode.c.h; path = "baseProject-Prefix.pch"; sourceTree = "<group>"; };
		A21C4CE917D7878600C6C3BB /* AppDelegate.h */ = {isa = PBXFileReference; lastKnownFileType = sourcecode.c.h; path = AppDelegate.h; sourceTree = "<group>"; };
		A21C4CEA17D7878600C6C3BB /* AppDelegate.m */ = {isa = PBXFileReference; lastKnownFileType = sourcecode.c.objc; path = AppDelegate.m; sourceTree = "<group>"; };
		A21C4CEC17D7878600C6C3BB /* Default.png */ = {isa = PBXFileReference; lastKnownFileType = image.png; path = Default.png; sourceTree = "<group>"; };
		A21C4CEE17D7878600C6C3BB /* Default@2x.png */ = {isa = PBXFileReference; lastKnownFileType = image.png; path = "Default@2x.png"; sourceTree = "<group>"; };
		A21C4CF017D7878600C6C3BB /* Default-568h@2x.png */ = {isa = PBXFileReference; lastKnownFileType = image.png; path = "Default-568h@2x.png"; sourceTree = "<group>"; };
		A21C4CF217D7878600C6C3BB /* ViewController.h */ = {isa = PBXFileReference; lastKnownFileType = sourcecode.c.h; path = ViewController.h; sourceTree = "<group>"; };
		A21C4CF317D7878600C6C3BB /* ViewController.m */ = {isa = PBXFileReference; lastKnownFileType = sourcecode.c.objc; path = ViewController.m; sourceTree = "<group>"; };
		A21C4CF617D7878600C6C3BB /* en */ = {isa = PBXFileReference; lastKnownFileType = file.xib; name = en; path = en.lproj/ViewController.xib; sourceTree = "<group>"; };
		C96370421845424A00975F7D /* Carbon_bg.jpg */ = {isa = PBXFileReference; lastKnownFileType = image.jpeg; path = Carbon_bg.jpg; sourceTree = "<group>"; };
		C96370441845433400975F7D /* CustomCell.xib */ = {isa = PBXFileReference; fileEncoding = 4; lastKnownFileType = file.xib; path = CustomCell.xib; sourceTree = "<group>"; };
		C9637046184544B500975F7D /* CustomCell.h */ = {isa = PBXFileReference; fileEncoding = 4; lastKnownFileType = sourcecode.c.h; path = CustomCell.h; sourceTree = "<group>"; };
		C9637047184544B500975F7D /* CustomCell.m */ = {isa = PBXFileReference; fileEncoding = 4; lastKnownFileType = sourcecode.c.objc; path = CustomCell.m; sourceTree = "<group>"; };
		C96370491845531900975F7D /* audi.jpg */ = {isa = PBXFileReference; lastKnownFileType = image.jpeg; path = audi.jpg; sourceTree = "<group>"; };
		C963704A1845531900975F7D /* bmw.jpg */ = {isa = PBXFileReference; lastKnownFileType = image.jpeg; path = bmw.jpg; sourceTree = "<group>"; };
		C963704B1845531900975F7D /* cadillac.jpg */ = {isa = PBXFileReference; lastKnownFileType = image.jpeg; path = cadillac.jpg; sourceTree = "<group>"; };
		C963704C1845531900975F7D /* chevrolet.jpg */ = {isa = PBXFileReference; lastKnownFileType = image.jpeg; path = chevrolet.jpg; sourceTree = "<group>"; };
		C963704D1845531900975F7D /* chrysler.jpg */ = {isa = PBXFileReference; lastKnownFileType = image.jpeg; path = chrysler.jpg; sourceTree = "<group>"; };
		C963704E1845531900975F7D /* dodge.jpg */ = {isa = PBXFileReference; lastKnownFileType = image.jpeg; path = dodge.jpg; sourceTree = "<group>"; };
		C963704F1845531900975F7D /* ford.jpg */ = {isa = PBXFileReference; lastKnownFileType = image.jpeg; path = ford.jpg; sourceTree = "<group>"; };
		C96370501845531900975F7D /* honda.jpg */ = {isa = PBXFileReference; lastKnownFileType = image.jpeg; path = honda.jpg; sourceTree = "<group>"; };
		C96370511845531900975F7D /* hyundai.jpg */ = {isa = PBXFileReference; lastKnownFileType = image.jpeg; path = hyundai.jpg; sourceTree = "<group>"; };
		C96370521845531900975F7D /* infiniti.jpg */ = {isa = PBXFileReference; lastKnownFileType = image.jpeg; path = infiniti.jpg; sourceTree = "<group>"; };
		C96370531845531900975F7D /* kia.jpg */ = {isa = PBXFileReference; lastKnownFileType = image.jpeg; path = kia.jpg; sourceTree = "<group>"; };
		C96370541845531900975F7D /* lexus.jpg */ = {isa = PBXFileReference; lastKnownFileType = image.jpeg; path = lexus.jpg; sourceTree = "<group>"; };
		C96370551845531900975F7D /* mazda.jpg */ = {isa = PBXFileReference; lastKnownFileType = image.jpeg; path = mazda.jpg; sourceTree = "<group>"; };
		C96370561845531900975F7D /* mitsubishi.jpg */ = {isa = PBXFileReference; lastKnownFileType = image.jpeg; path = mitsubishi.jpg; sourceTree = "<group>"; };
		C96370571845531900975F7D /* nissan.jpg */ = {isa = PBXFileReference; lastKnownFileType = image.jpeg; path = nissan.jpg; sourceTree = "<group>"; };
		C96370581845531900975F7D /* porsche.jpg */ = {isa = PBXFileReference; lastKnownFileType = image.jpeg; path = porsche.jpg; sourceTree = "<group>"; };
		C96370591845531900975F7D /* subaru.jpg */ = {isa = PBXFileReference; lastKnownFileType = image.jpeg; path = subaru.jpg; sourceTree = "<group>"; };
		C963705A1845531900975F7D /* toyota.jpg */ = {isa = PBXFileReference; lastKnownFileType = image.jpeg; path = toyota.jpg; sourceTree = "<group>"; };
		C963705B1845531900975F7D /* volvo.jpg */ = {isa = PBXFileReference; lastKnownFileType = image.jpeg; path = volvo.jpg; sourceTree = "<group>"; };
		C963705C1845531900975F7D /* vw.jpg */ = {isa = PBXFileReference; lastKnownFileType = image.jpeg; path = vw.jpg; sourceTree = "<group>"; };
		C963707418459D5B00975F7D /* transparent.png */ = {isa = PBXFileReference; lastKnownFileType = image.png; path = transparent.png; sourceTree = "<group>"; };
		C96370761845A80D00975F7D /* selected.png */ = {isa = PBXFileReference; lastKnownFileType = image.png; path = selected.png; sourceTree = "<group>"; };
		C96370781845BB9000975F7D /* DetailViewController.h */ = {isa = PBXFileReference; fileEncoding = 4; lastKnownFileType = sourcecode.c.h; path = DetailViewController.h; sourceTree = "<group>"; };
		C96370791845BB9000975F7D /* DetailViewController.m */ = {isa = PBXFileReference; fileEncoding = 4; lastKnownFileType = sourcecode.c.objc; path = DetailViewController.m; sourceTree = "<group>"; };
		C963707A1845BB9000975F7D /* DetailViewController.xib */ = {isa = PBXFileReference; fileEncoding = 4; lastKnownFileType = file.xib; path = DetailViewController.xib; sourceTree = "<group>"; };
/* End PBXFileReference section */

/* Begin PBXFrameworksBuildPhase section */
		A21C4CD417D7878600C6C3BB /* Frameworks */ = {
			isa = PBXFrameworksBuildPhase;
			buildActionMask = 2147483647;
			files = (
				A21C4CDB17D7878600C6C3BB /* UIKit.framework in Frameworks */,
				A21C4CDD17D7878600C6C3BB /* Foundation.framework in Frameworks */,
				A21C4CDF17D7878600C6C3BB /* CoreGraphics.framework in Frameworks */,
			);
			runOnlyForDeploymentPostprocessing = 0;
		};
/* End PBXFrameworksBuildPhase section */

/* Begin PBXGroup section */
		A21C4CCE17D7878600C6C3BB = {
			isa = PBXGroup;
			children = (
				A21C4CE017D7878600C6C3BB /* baseProject */,
				A21C4CD917D7878600C6C3BB /* Frameworks */,
				A21C4CD817D7878600C6C3BB /* Products */,
			);
			sourceTree = "<group>";
		};
		A21C4CD817D7878600C6C3BB /* Products */ = {
			isa = PBXGroup;
			children = (
				A21C4CD717D7878600C6C3BB /* baseProject.app */,
			);
			name = Products;
			sourceTree = "<group>";
		};
		A21C4CD917D7878600C6C3BB /* Frameworks */ = {
			isa = PBXGroup;
			children = (
				A21C4CDA17D7878600C6C3BB /* UIKit.framework */,
				A21C4CDC17D7878600C6C3BB /* Foundation.framework */,
				A21C4CDE17D7878600C6C3BB /* CoreGraphics.framework */,
			);
			name = Frameworks;
			sourceTree = "<group>";
		};
		A21C4CE017D7878600C6C3BB /* baseProject */ = {
			isa = PBXGroup;
			children = (
				A21C4CE917D7878600C6C3BB /* AppDelegate.h */,
				A21C4CEA17D7878600C6C3BB /* AppDelegate.m */,
				A21C4CF217D7878600C6C3BB /* ViewController.h */,
				A21C4CF317D7878600C6C3BB /* ViewController.m */,
				A21C4CF517D7878600C6C3BB /* ViewController.xib */,
				C96370711845561800975F7D /* images */,
				A21C4CE117D7878600C6C3BB /* Supporting Files */,
				C96370441845433400975F7D /* CustomCell.xib */,
				C9637046184544B500975F7D /* CustomCell.h */,
				C9637047184544B500975F7D /* CustomCell.m */,
				C96370781845BB9000975F7D /* DetailViewController.h */,
				C96370791845BB9000975F7D /* DetailViewController.m */,
				C963707A1845BB9000975F7D /* DetailViewController.xib */,
			);
			path = baseProject;
			sourceTree = "<group>";
		};
		A21C4CE117D7878600C6C3BB /* Supporting Files */ = {
			isa = PBXGroup;
			children = (
				A21C4CE217D7878600C6C3BB /* baseProject-Info.plist */,
				A21C4CE317D7878600C6C3BB /* InfoPlist.strings */,
				A21C4CE617D7878600C6C3BB /* main.m */,
				A21C4CE817D7878600C6C3BB /* baseProject-Prefix.pch */,
				A21C4CEC17D7878600C6C3BB /* Default.png */,
				A21C4CEE17D7878600C6C3BB /* Default@2x.png */,
				A21C4CF017D7878600C6C3BB /* Default-568h@2x.png */,
			);
			name = "Supporting Files";
			sourceTree = "<group>";
		};
		C96370711845561800975F7D /* images */ = {
			isa = PBXGroup;
			children = (
				C96370761845A80D00975F7D /* selected.png */,
				C963707418459D5B00975F7D /* transparent.png */,
				C96370491845531900975F7D /* audi.jpg */,
				C963704A1845531900975F7D /* bmw.jpg */,
				C963704B1845531900975F7D /* cadillac.jpg */,
				C963704C1845531900975F7D /* chevrolet.jpg */,
				C963704D1845531900975F7D /* chrysler.jpg */,
				C963704E1845531900975F7D /* dodge.jpg */,
				C963704F1845531900975F7D /* ford.jpg */,
				C96370501845531900975F7D /* honda.jpg */,
				C96370511845531900975F7D /* hyundai.jpg */,
				C96370521845531900975F7D /* infiniti.jpg */,
				C96370531845531900975F7D /* kia.jpg */,
				C96370541845531900975F7D /* lexus.jpg */,
				C96370551845531900975F7D /* mazda.jpg */,
				C96370561845531900975F7D /* mitsubishi.jpg */,
				C96370571845531900975F7D /* nissan.jpg */,
				C96370581845531900975F7D /* porsche.jpg */,
				C96370591845531900975F7D /* subaru.jpg */,
				C963705A1845531900975F7D /* toyota.jpg */,
				C963705B1845531900975F7D /* volvo.jpg */,
				C963705C1845531900975F7D /* vw.jpg */,
				C96370421845424A00975F7D /* Carbon_bg.jpg */,
			);
			name = images;
			sourceTree = "<group>";
		};
/* End PBXGroup section */

/* Begin PBXNativeTarget section */
		A21C4CD617D7878600C6C3BB /* baseProject */ = {
			isa = PBXNativeTarget;
			buildConfigurationList = A21C4CFA17D7878600C6C3BB /* Build configuration list for PBXNativeTarget "baseProject" */;
			buildPhases = (
				A21C4CD317D7878600C6C3BB /* Sources */,
				A21C4CD417D7878600C6C3BB /* Frameworks */,
				A21C4CD517D7878600C6C3BB /* Resources */,
			);
			buildRules = (
			);
			dependencies = (
			);
			name = baseProject;
			productName = baseProject;
			productReference = A21C4CD717D7878600C6C3BB /* baseProject.app */;
			productType = "com.apple.product-type.application";
		};
/* End PBXNativeTarget section */

/* Begin PBXProject section */
		A21C4CCF17D7878600C6C3BB /* Project object */ = {
			isa = PBXProject;
			attributes = {
				LastUpgradeCheck = 0460;
				ORGANIZATIONNAME = FullSail;
			};
			buildConfigurationList = A21C4CD217D7878600C6C3BB /* Build configuration list for PBXProject "baseProject" */;
			compatibilityVersion = "Xcode 3.2";
			developmentRegion = English;
			hasScannedForEncodings = 0;
			knownRegions = (
				en,
			);
			mainGroup = A21C4CCE17D7878600C6C3BB;
			productRefGroup = A21C4CD817D7878600C6C3BB /* Products */;
			projectDirPath = "";
			projectRoot = "";
			targets = (
				A21C4CD617D7878600C6C3BB /* baseProject */,
			);
		};
/* End PBXProject section */

/* Begin PBXResourcesBuildPhase section */
		A21C4CD517D7878600C6C3BB /* Resources */ = {
			isa = PBXResourcesBuildPhase;
			buildActionMask = 2147483647;
			files = (
				C963706C1845531900975F7D /* porsche.jpg in Resources */,
				C96370601845531900975F7D /* chevrolet.jpg in Resources */,
				C96370701845531900975F7D /* vw.jpg in Resources */,
				C963705E1845531900975F7D /* bmw.jpg in Resources */,
				A21C4CE517D7878600C6C3BB /* InfoPlist.strings in Resources */,
				A21C4CED17D7878600C6C3BB /* Default.png in Resources */,
				C96370681845531900975F7D /* lexus.jpg in Resources */,
				C963707C1845BB9000975F7D /* DetailViewController.xib in Resources */,
				C96370691845531900975F7D /* mazda.jpg in Resources */,
				C963705D1845531900975F7D /* audi.jpg in Resources */,
				C96370661845531900975F7D /* infiniti.jpg in Resources */,
				C963705F1845531900975F7D /* cadillac.jpg in Resources */,
				C96370621845531900975F7D /* dodge.jpg in Resources */,
				C96370451845433400975F7D /* CustomCell.xib in Resources */,
				C96370671845531900975F7D /* kia.jpg in Resources */,
				C96370631845531900975F7D /* ford.jpg in Resources */,
				C96370611845531900975F7D /* chrysler.jpg in Resources */,
				C963707518459D5B00975F7D /* transparent.png in Resources */,
				C96370641845531900975F7D /* honda.jpg in Resources */,
				A21C4CEF17D7878600C6C3BB /* Default@2x.png in Resources */,
				C96370651845531900975F7D /* hyundai.jpg in Resources */,
				C963706A1845531900975F7D /* mitsubishi.jpg in Resources */,
				C963706E1845531900975F7D /* toyota.jpg in Resources */,
				C963706D1845531900975F7D /* subaru.jpg in Resources */,
				A21C4CF117D7878600C6C3BB /* Default-568h@2x.png in Resources */,
				C963706B1845531900975F7D /* nissan.jpg in Resources */,
				C96370771845A80D00975F7D /* selected.png in Resources */,
				C96370431845424A00975F7D /* Carbon_bg.jpg in Resources */,
				C963706F1845531900975F7D /* volvo.jpg in Resources */,
				A21C4CF717D7878600C6C3BB /* ViewController.xib in Resources */,
			);
			runOnlyForDeploymentPostprocessing = 0;
		};
/* End PBXResourcesBuildPhase section */

/* Begin PBXSourcesBuildPhase section */
		A21C4CD317D7878600C6C3BB /* Sources */ = {
			isa = PBXSourcesBuildPhase;
			buildActionMask = 2147483647;
			files = (
				C963707B1845BB9000975F7D /* DetailViewController.m in Sources */,
				A21C4CE717D7878600C6C3BB /* main.m in Sources */,
				A21C4CEB17D7878600C6C3BB /* AppDelegate.m in Sources */,
				C9637048184544B500975F7D /* CustomCell.m in Sources */,
				A21C4CF417D7878600C6C3BB /* ViewController.m in Sources */,
			);
			runOnlyForDeploymentPostprocessing = 0;
		};
/* End PBXSourcesBuildPhase section */

/* Begin PBXVariantGroup section */
		A21C4CE317D7878600C6C3BB /* InfoPlist.strings */ = {
			isa = PBXVariantGroup;
			children = (
				A21C4CE417D7878600C6C3BB /* en */,
			);
			name = InfoPlist.strings;
			sourceTree = "<group>";
		};
		A21C4CF517D7878600C6C3BB /* ViewController.xib */ = {
			isa = PBXVariantGroup;
			children = (
				A21C4CF617D7878600C6C3BB /* en */,
			);
			name = ViewController.xib;
			sourceTree = "<group>";
		};
/* End PBXVariantGroup section */

/* Begin XCBuildConfiguration section */
		A21C4CF817D7878600C6C3BB /* Debug */ = {
			isa = XCBuildConfiguration;
			buildSettings = {
				ALWAYS_SEARCH_USER_PATHS = NO;
				CLANG_CXX_LANGUAGE_STANDARD = "gnu++0x";
				CLANG_CXX_LIBRARY = "libc++";
				CLANG_ENABLE_OBJC_ARC = YES;
				CLANG_WARN_CONSTANT_CONVERSION = YES;
				CLANG_WARN_EMPTY_BODY = YES;
				CLANG_WARN_ENUM_CONVERSION = YES;
				CLANG_WARN_INT_CONVERSION = YES;
				CLANG_WARN__DUPLICATE_METHOD_MATCH = YES;
				"CODE_SIGN_IDENTITY[sdk=iphoneos*]" = "iPhone Developer";
				COPY_PHASE_STRIP = NO;
				GCC_C_LANGUAGE_STANDARD = gnu99;
				GCC_DYNAMIC_NO_PIC = NO;
				GCC_OPTIMIZATION_LEVEL = 0;
				GCC_PREPROCESSOR_DEFINITIONS = (
					"DEBUG=1",
					"$(inherited)",
				);
				GCC_SYMBOLS_PRIVATE_EXTERN = NO;
				GCC_WARN_ABOUT_RETURN_TYPE = YES;
				GCC_WARN_UNINITIALIZED_AUTOS = YES;
				GCC_WARN_UNUSED_VARIABLE = YES;
				IPHONEOS_DEPLOYMENT_TARGET = 6.1;
				ONLY_ACTIVE_ARCH = YES;
				SDKROOT = iphoneos;
			};
			name = Debug;
		};
		A21C4CF917D7878600C6C3BB /* Release */ = {
			isa = XCBuildConfiguration;
			buildSettings = {
				ALWAYS_SEARCH_USER_PATHS = NO;
				CLANG_CXX_LANGUAGE_STANDARD = "gnu++0x";
				CLANG_CXX_LIBRARY = "libc++";
				CLANG_ENABLE_OBJC_ARC = YES;
				CLANG_WARN_CONSTANT_CONVERSION = YES;
				CLANG_WARN_EMPTY_BODY = YES;
				CLANG_WARN_ENUM_CONVERSION = YES;
				CLANG_WARN_INT_CONVERSION = YES;
				CLANG_WARN__DUPLICATE_METHOD_MATCH = YES;
				"CODE_SIGN_IDENTITY[sdk=iphoneos*]" = "iPhone Developer";
				COPY_PHASE_STRIP = YES;
				GCC_C_LANGUAGE_STANDARD = gnu99;
				GCC_WARN_ABOUT_RETURN_TYPE = YES;
				GCC_WARN_UNINITIALIZED_AUTOS = YES;
				GCC_WARN_UNUSED_VARIABLE = YES;
				IPHONEOS_DEPLOYMENT_TARGET = 6.1;
				OTHER_CFLAGS = "-DNS_BLOCK_ASSERTIONS=1";
				SDKROOT = iphoneos;
				VALIDATE_PRODUCT = YES;
			};
			name = Release;
		};
		A21C4CFB17D7878600C6C3BB /* Debug */ = {
			isa = XCBuildConfiguration;
			buildSettings = {
				GCC_PRECOMPILE_PREFIX_HEADER = YES;
				GCC_PREFIX_HEADER = "baseProject/baseProject-Prefix.pch";
				GCC_WARN_ABOUT_DEPRECATED_FUNCTIONS = NO;
				INFOPLIST_FILE = "baseProject/baseProject-Info.plist";
				PRODUCT_NAME = "$(TARGET_NAME)";
				WRAPPER_EXTENSION = app;
			};
			name = Debug;
		};
		A21C4CFC17D7878600C6C3BB /* Release */ = {
			isa = XCBuildConfiguration;
			buildSettings = {
				GCC_PRECOMPILE_PREFIX_HEADER = YES;
				GCC_PREFIX_HEADER = "baseProject/baseProject-Prefix.pch";
				GCC_WARN_ABOUT_DEPRECATED_FUNCTIONS = NO;
				INFOPLIST_FILE = "baseProject/baseProject-Info.plist";
				PRODUCT_NAME = "$(TARGET_NAME)";
				WRAPPER_EXTENSION = app;
			};
			name = Release;
		};
/* End XCBuildConfiguration section */

/* Begin XCConfigurationList section */
		A21C4CD217D7878600C6C3BB /* Build configuration list for PBXProject "baseProject" */ = {
			isa = XCConfigurationList;
			buildConfigurations = (
				A21C4CF817D7878600C6C3BB /* Debug */,
				A21C4CF917D7878600C6C3BB /* Release */,
			);
			defaultConfigurationIsVisible = 0;
			defaultConfigurationName = Release;
		};
		A21C4CFA17D7878600C6C3BB /* Build configuration list for PBXNativeTarget "baseProject" */ = {
			isa = XCConfigurationList;
			buildConfigurations = (
				A21C4CFB17D7878600C6C3BB /* Debug */,
				A21C4CFC17D7878600C6C3BB /* Release */,
			);
			defaultConfigurationIsVisible = 0;
			defaultConfigurationName = Release;
		};
/* End XCConfigurationList section */
	};
	rootObject = A21C4CCF17D7878600C6C3BB /* Project object */;
}
